
Microsoft Visual Studio Solution File, Format Version 12.00
# Visual Studio Version 17
VisualStudioVersion = 17.9.34728.123
MinimumVisualStudioVersion = 10.0.40219.1
Project("{FAE04EC0-301F-11D3-BF4B-00C04F79EFBC}") = "Assignment_01", "Assignment_01.csproj", "{2547FD54-15DD-423F-BD1D-02BDAB9811BB}"
EndProject
Project("{FAE04EC0-301F-11D3-BF4B-00C04F79EFBC}") = "BusinessObjects1", "..\BusinessObjects1\BusinessObjects1.csproj", "{D9854454-205C-4E17-93F2-A9411EE6C4F3}"
EndProject
Project("{FAE04EC0-301F-11D3-BF4B-00C04F79EFBC}") = "DataAccessObjects1", "..\DataAccessObjects1\DataAccessObjects1.csproj", "{49ED6D06-296E-427D-A883-0D30598825FC}"
EndProject
Project("{FAE04EC0-301F-11D3-BF4B-00C04F79EFBC}") = "Repositories1", "..\Repositories1\Repositories1.csproj", "{148AF795-2F3D-453D-8C61-7976EB027225}"
EndProject
Project("{FAE04EC0-301F-11D3-BF4B-00C04F79EFBC}") = "Services2", "..\Services2\Services2.csproj", "{74C0A5E6-D45C-48BE-87E2-29A4D0371B8D}"
EndProject
Global
	GlobalSection(SolutionConfigurationPlatforms) = preSolution
		Debug|Any CPU = Debug|Any CPU
		Release|Any CPU = Release|Any CPU
	EndGlobalSection
	GlobalSection(ProjectConfigurationPlatforms) = postSolution
		{2547FD54-15DD-423F-BD1D-02BDAB9811BB}.Debug|Any CPU.ActiveCfg = Debug|Any CPU
		{2547FD54-15DD-423F-BD1D-02BDAB9811BB}.Debug|Any CPU.Build.0 = Debug|Any CPU
		{2547FD54-15DD-423F-BD1D-02BDAB9811BB}.Release|Any CPU.ActiveCfg = Release|Any CPU
		{2547FD54-15DD-423F-BD1D-02BDAB9811BB}.Release|Any CPU.Build.0 = Release|Any CPU
		{D9854454-205C-4E17-93F2-A9411EE6C4F3}.Debug|Any CPU.ActiveCfg = Debug|Any CPU
		{D9854454-205C-4E17-93F2-A9411EE6C4F3}.Debug|Any CPU.Build.0 = Debug|Any CPU
		{D9854454-205C-4E17-93F2-A9411EE6C4F3}.Release|Any CPU.ActiveCfg = Release|Any CPU
		{D9854454-205C-4E17-93F2-A9411EE6C4F3}.Release|Any CPU.Build.0 = Release|Any CPU
		{49ED6D06-296E-427D-A883-0D30598825FC}.Debug|Any CPU.ActiveCfg = Debug|Any CPU
		{49ED6D06-296E-427D-A883-0D30598825FC}.Debug|Any CPU.Build.0 = Debug|Any CPU
		{49ED6D06-296E-427D-A883-0D30598825FC}.Release|Any CPU.ActiveCfg = Release|Any CPU
		{49ED6D06-296E-427D-A883-0D30598825FC}.Release|Any CPU.Build.0 = Release|Any CPU
		{148AF795-2F3D-453D-8C61-7976EB027225}.Debug|Any CPU.ActiveCfg = Debug|Any CPU
		{148AF795-2F3D-453D-8C61-7976EB027225}.Debug|Any CPU.Build.0 = Debug|Any CPU
		{148AF795-2F3D-453D-8C61-7976EB027225}.Release|Any CPU.ActiveCfg = Release|Any CPU
		{148AF795-2F3D-453D-8C61-7976EB027225}.Release|Any CPU.Build.0 = Release|Any CPU
		{74C0A5E6-D45C-48BE-87E2-29A4D0371B8D}.Debug|Any CPU.ActiveCfg = Debug|Any CPU
		{74C0A5E6-D45C-48BE-87E2-29A4D0371B8D}.Debug|Any CPU.Build.0 = Debug|Any CPU
		{74C0A5E6-D45C-48BE-87E2-29A4D0371B8D}.Release|Any CPU.ActiveCfg = Release|Any CPU
		{74C0A5E6-D45C-48BE-87E2-29A4D0371B8D}.Release|Any CPU.Build.0 = Release|Any CPU
	EndGlobalSection
	GlobalSection(SolutionProperties) = preSolution
		HideSolutionNode = FALSE
	EndGlobalSection
	GlobalSection(ExtensibilityGlobals) = postSolution
		SolutionGuid = {85DCC670-0D96-4982-9EB8-20757D62AE3E}
	EndGlobalSection
EndGlobal
